
Microsoft Visual Studio Solution File, Format Version 12.00
# Visual Studio Version 17
VisualStudioVersion = 17.10.34928.147
MinimumVisualStudioVersion = 10.0.40219.1
Project("{FAE04EC0-301F-11D3-BF4B-00C04F79EFBC}") = "TestCustomOptions", "TestCustomOptions\TestCustomOptions.csproj", "{04CBD6CF-CC7A-48E5-899D-97A19F64056A}"
EndProject
Project("{9A19103F-16F7-4668-BE54-9A1E7A4F7556}") = "MiniAuth.IdentityAuth", "..\..\src\MiniAuth.IdentityAuth\MiniAuth.IdentityAuth.csproj", "{50DD0991-97CB-4163-ABAC-93D761109427}"
EndProject
Global
	GlobalSection(SolutionConfigurationPlatforms) = preSolution
		Debug|Any CPU = Debug|Any CPU
		Release|Any CPU = Release|Any CPU
	EndGlobalSection
	GlobalSection(ProjectConfigurationPlatforms) = postSolution
		{04CBD6CF-CC7A-48E5-899D-97A19F64056A}.Debug|Any CPU.ActiveCfg = Debug|Any CPU
		{04CBD6CF-CC7A-48E5-899D-97A19F64056A}.Debug|Any CPU.Build.0 = Debug|Any CPU
		{04CBD6CF-CC7A-48E5-899D-97A19F64056A}.Release|Any CPU.ActiveCfg = Release|Any CPU
		{04CBD6CF-CC7A-48E5-899D-97A19F64056A}.Release|Any CPU.Build.0 = Release|Any CPU
		{50DD0991-97CB-4163-ABAC-93D761109427}.Debug|Any CPU.ActiveCfg = Debug|Any CPU
		{50DD0991-97CB-4163-ABAC-93D761109427}.Debug|Any CPU.Build.0 = Debug|Any CPU
		{50DD0991-97CB-4163-ABAC-93D761109427}.Release|Any CPU.ActiveCfg = Release|Any CPU
		{50DD0991-97CB-4163-ABAC-93D761109427}.Release|Any CPU.Build.0 = Release|Any CPU
	EndGlobalSection
	GlobalSection(SolutionProperties) = preSolution
		HideSolutionNode = FALSE
	EndGlobalSection
	GlobalSection(ExtensibilityGlobals) = postSolution
		SolutionGuid = {1C891A51-3CBE-4191-87D9-0380ECF086E9}
	EndGlobalSection
EndGlobal
