
Microsoft Visual Studio Solution File, Format Version 12.00
# Visual Studio Version 17
VisualStudioVersion = 17.8.34330.188
MinimumVisualStudioVersion = 10.0.40219.1
Project("{FAE04EC0-301F-11D3-BF4B-00C04F79EFBC}") = "AspNetCoreIdentity", "AspNetCoreIdentity\AspNetCoreIdentity.csproj", "{F456F25A-82D0-42CC-9FE4-133740E0B8F7}"
EndProject
Global
	GlobalSection(SolutionConfigurationPlatforms) = preSolution
		Debug|Any CPU = Debug|Any CPU
		Release|Any CPU = Release|Any CPU
	EndGlobalSection
	GlobalSection(ProjectConfigurationPlatforms) = postSolution
		{F456F25A-82D0-42CC-9FE4-133740E0B8F7}.Debug|Any CPU.ActiveCfg = Debug|Any CPU
		{F456F25A-82D0-42CC-9FE4-133740E0B8F7}.Debug|Any CPU.Build.0 = Debug|Any CPU
		{F456F25A-82D0-42CC-9FE4-133740E0B8F7}.Release|Any CPU.ActiveCfg = Release|Any CPU
		{F456F25A-82D0-42CC-9FE4-133740E0B8F7}.Release|Any CPU.Build.0 = Release|Any CPU
	EndGlobalSection
	GlobalSection(SolutionProperties) = preSolution
		HideSolutionNode = FALSE
	EndGlobalSection
	GlobalSection(ExtensibilityGlobals) = postSolution
		SolutionGuid = {677BC1BF-D39D-4439-8AE4-F80314E0E0BF}
	EndGlobalSection
EndGlobal
