
Microsoft Visual Studio Solution File, Format Version 12.00
# Visual Studio Version 17
VisualStudioVersion = 17.8.34330.188
MinimumVisualStudioVersion = 10.0.40219.1
Project("{FAE04EC0-301F-11D3-BF4B-00C04F79EFBC}") = "TestApiWithoutIdentity", "TestApiWithoutIdentity\TestApiWithoutIdentity.csproj", "{9EFC21F7-3966-4AE6-B27B-21ED3DEF12CF}"
EndProject
Project("{9A19103F-16F7-4668-BE54-9A1E7A4F7556}") = "MiniAuth.IdentityAuth", "..\..\src\MiniAuth.IdentityAuth\MiniAuth.IdentityAuth.csproj", "{47BBCFE8-3D54-4A6D-AA37-76DAE0882E79}"
EndProject
Global
	GlobalSection(SolutionConfigurationPlatforms) = preSolution
		Debug|Any CPU = Debug|Any CPU
		Release|Any CPU = Release|Any CPU
	EndGlobalSection
	GlobalSection(ProjectConfigurationPlatforms) = postSolution
		{9EFC21F7-3966-4AE6-B27B-21ED3DEF12CF}.Debug|Any CPU.ActiveCfg = Debug|Any CPU
		{9EFC21F7-3966-4AE6-B27B-21ED3DEF12CF}.Debug|Any CPU.Build.0 = Debug|Any CPU
		{9EFC21F7-3966-4AE6-B27B-21ED3DEF12CF}.Release|Any CPU.ActiveCfg = Release|Any CPU
		{9EFC21F7-3966-4AE6-B27B-21ED3DEF12CF}.Release|Any CPU.Build.0 = Release|Any CPU
		{47BBCFE8-3D54-4A6D-AA37-76DAE0882E79}.Debug|Any CPU.ActiveCfg = Debug|Any CPU
		{47BBCFE8-3D54-4A6D-AA37-76DAE0882E79}.Debug|Any CPU.Build.0 = Debug|Any CPU
		{47BBCFE8-3D54-4A6D-AA37-76DAE0882E79}.Release|Any CPU.ActiveCfg = Release|Any CPU
		{47BBCFE8-3D54-4A6D-AA37-76DAE0882E79}.Release|Any CPU.Build.0 = Release|Any CPU
	EndGlobalSection
	GlobalSection(SolutionProperties) = preSolution
		HideSolutionNode = FALSE
	EndGlobalSection
	GlobalSection(ExtensibilityGlobals) = postSolution
		SolutionGuid = {DC848CC8-4ED7-4F9D-B212-CB91DEE08C8B}
	EndGlobalSection
EndGlobal
