
Microsoft Visual Studio Solution File, Format Version 12.00
# Visual Studio Version 17
VisualStudioVersion = 17.8.34330.188
MinimumVisualStudioVersion = 10.0.40219.1
Project("{FAE04EC0-301F-11D3-BF4B-00C04F79EFBC}") = "TestAspNetCoreApiAot", "TestAspNetCoreApiAot\TestAspNetCoreApiAot.csproj", "{597416A4-A732-48F6-8140-1FAD0FA7D520}"
EndProject
Global
	GlobalSection(SolutionConfigurationPlatforms) = preSolution
		Debug|Any CPU = Debug|Any CPU
		Release|Any CPU = Release|Any CPU
	EndGlobalSection
	GlobalSection(ProjectConfigurationPlatforms) = postSolution
		{597416A4-A732-48F6-8140-1FAD0FA7D520}.Debug|Any CPU.ActiveCfg = Debug|Any CPU
		{597416A4-A732-48F6-8140-1FAD0FA7D520}.Debug|Any CPU.Build.0 = Debug|Any CPU
		{597416A4-A732-48F6-8140-1FAD0FA7D520}.Release|Any CPU.ActiveCfg = Release|Any CPU
		{597416A4-A732-48F6-8140-1FAD0FA7D520}.Release|Any CPU.Build.0 = Release|Any CPU
	EndGlobalSection
	GlobalSection(SolutionProperties) = preSolution
		HideSolutionNode = FALSE
	EndGlobalSection
	GlobalSection(ExtensibilityGlobals) = postSolution
		SolutionGuid = {FEC23E2F-E0CB-43E0-9757-B84473B7A3E4}
	EndGlobalSection
EndGlobal
