
Microsoft Visual Studio Solution File, Format Version 12.00
# Visual Studio Version 17
VisualStudioVersion = 17.10.34928.147
MinimumVisualStudioVersion = 10.0.40219.1
Project("{FAE04EC0-301F-11D3-BF4B-00C04F79EFBC}") = "TestBearer", "TestBearer\TestBearer.csproj", "{A6C7F301-9148-4F47-8AA0-0E64B2CEB745}"
EndProject
Project("{9A19103F-16F7-4668-BE54-9A1E7A4F7556}") = "MiniAuth.IdentityAuth", "..\..\src\MiniAuth.IdentityAuth\MiniAuth.IdentityAuth.csproj", "{2DF57D81-261F-470E-9ECE-2C3016371304}"
EndProject
Global
	GlobalSection(SolutionConfigurationPlatforms) = preSolution
		Debug|Any CPU = Debug|Any CPU
		Release|Any CPU = Release|Any CPU
	EndGlobalSection
	GlobalSection(ProjectConfigurationPlatforms) = postSolution
		{A6C7F301-9148-4F47-8AA0-0E64B2CEB745}.Debug|Any CPU.ActiveCfg = Debug|Any CPU
		{A6C7F301-9148-4F47-8AA0-0E64B2CEB745}.Debug|Any CPU.Build.0 = Debug|Any CPU
		{A6C7F301-9148-4F47-8AA0-0E64B2CEB745}.Release|Any CPU.ActiveCfg = Release|Any CPU
		{A6C7F301-9148-4F47-8AA0-0E64B2CEB745}.Release|Any CPU.Build.0 = Release|Any CPU
		{2DF57D81-261F-470E-9ECE-2C3016371304}.Debug|Any CPU.ActiveCfg = Debug|Any CPU
		{2DF57D81-261F-470E-9ECE-2C3016371304}.Debug|Any CPU.Build.0 = Debug|Any CPU
		{2DF57D81-261F-470E-9ECE-2C3016371304}.Release|Any CPU.ActiveCfg = Release|Any CPU
		{2DF57D81-261F-470E-9ECE-2C3016371304}.Release|Any CPU.Build.0 = Release|Any CPU
	EndGlobalSection
	GlobalSection(SolutionProperties) = preSolution
		HideSolutionNode = FALSE
	EndGlobalSection
	GlobalSection(ExtensibilityGlobals) = postSolution
		SolutionGuid = {671C9226-4331-4853-9517-F58398DEF2A3}
	EndGlobalSection
EndGlobal
