
Microsoft Visual Studio Solution File, Format Version 12.00
# Visual Studio Version 17
VisualStudioVersion = 17.10.34928.147
MinimumVisualStudioVersion = 10.0.40219.1
Project("{FAE04EC0-301F-11D3-BF4B-00C04F79EFBC}") = "IdentityAPIEndpoints", "IdentityAPIEndpoints\IdentityAPIEndpoints.csproj", "{28162644-8BC8-4E5E-8B23-74C0FD97EBDE}"
EndProject
Global
	GlobalSection(SolutionConfigurationPlatforms) = preSolution
		Debug|Any CPU = Debug|Any CPU
		Release|Any CPU = Release|Any CPU
	EndGlobalSection
	GlobalSection(ProjectConfigurationPlatforms) = postSolution
		{28162644-8BC8-4E5E-8B23-74C0FD97EBDE}.Debug|Any CPU.ActiveCfg = Debug|Any CPU
		{28162644-8BC8-4E5E-8B23-74C0FD97EBDE}.Debug|Any CPU.Build.0 = Debug|Any CPU
		{28162644-8BC8-4E5E-8B23-74C0FD97EBDE}.Release|Any CPU.ActiveCfg = Release|Any CPU
		{28162644-8BC8-4E5E-8B23-74C0FD97EBDE}.Release|Any CPU.Build.0 = Release|Any CPU
	EndGlobalSection
	GlobalSection(SolutionProperties) = preSolution
		HideSolutionNode = FALSE
	EndGlobalSection
	GlobalSection(ExtensibilityGlobals) = postSolution
		SolutionGuid = {D6F00057-2C3E-45FE-9421-9864AC487F56}
	EndGlobalSection
EndGlobal
